
Microsoft Visual Studio Solution File, Format Version 12.00
# Visual Studio Version 17
VisualStudioVersion = 17.14.36429.23 d17.14
MinimumVisualStudioVersion = 10.0.40219.1
Project("{FAE04EC0-301F-11D3-BF4B-00C04F79EFBC}") = "Szyfr", "Szyfr\Szyfr.csproj", "{C6E49324-DFC7-475E-9297-688445751B81}"
EndProject
Global
	GlobalSection(SolutionConfigurationPlatforms) = preSolution
		Debug|Any CPU = Debug|Any CPU
		Release|Any CPU = Release|Any CPU
	EndGlobalSection
	GlobalSection(ProjectConfigurationPlatforms) = postSolution
		{C6E49324-DFC7-475E-9297-688445751B81}.Debug|Any CPU.ActiveCfg = Debug|Any CPU
		{C6E49324-DFC7-475E-9297-688445751B81}.Debug|Any CPU.Build.0 = Debug|Any CPU
		{C6E49324-DFC7-475E-9297-688445751B81}.Release|Any CPU.ActiveCfg = Release|Any CPU
		{C6E49324-DFC7-475E-9297-688445751B81}.Release|Any CPU.Build.0 = Release|Any CPU
	EndGlobalSection
	GlobalSection(SolutionProperties) = preSolution
		HideSolutionNode = FALSE
	EndGlobalSection
	GlobalSection(ExtensibilityGlobals) = postSolution
		SolutionGuid = {26D0CA01-6AC4-4BA4-8A86-A5660C9400CE}
	EndGlobalSection
EndGlobal
